
Microsoft Visual Studio Solution File, Format Version 12.00
# Visual Studio Version 16
VisualStudioVersion = 16.0.32228.343
MinimumVisualStudioVersion = 10.0.40219.1
Project("{FAE04EC0-301F-11D3-BF4B-00C04F79EFBC}") = "CreditPaymentAPI", "CreditPaymentAPI\CreditPaymentAPI.csproj", "{3B1C95D2-23E5-4222-BF5D-C64A051D5063}"
EndProject
Global
	GlobalSection(SolutionConfigurationPlatforms) = preSolution
		Debug|Any CPU = Debug|Any CPU
		Release|Any CPU = Release|Any CPU
	EndGlobalSection
	GlobalSection(ProjectConfigurationPlatforms) = postSolution
		{3B1C95D2-23E5-4222-BF5D-C64A051D5063}.Debug|Any CPU.ActiveCfg = Debug|Any CPU
		{3B1C95D2-23E5-4222-BF5D-C64A051D5063}.Debug|Any CPU.Build.0 = Debug|Any CPU
		{3B1C95D2-23E5-4222-BF5D-C64A051D5063}.Release|Any CPU.ActiveCfg = Release|Any CPU
		{3B1C95D2-23E5-4222-BF5D-C64A051D5063}.Release|Any CPU.Build.0 = Release|Any CPU
	EndGlobalSection
	GlobalSection(SolutionProperties) = preSolution
		HideSolutionNode = FALSE
	EndGlobalSection
	GlobalSection(ExtensibilityGlobals) = postSolution
		SolutionGuid = {65D2CA39-8DBC-4114-8C47-F899D045710C}
	EndGlobalSection
EndGlobal
